schema: '2.0'
stages:
  prepare:
    cmd: uv run --package prepare -- python -m prepare.__main__ run-workflow data/raw
      data/prepared
    deps:
    - path: apps/prepare/src/prepare
      hash: md5
      md5: 91cf3f5faf5e8c1a4e594b1005078a5d.dir
      size: 51021
      nfiles: 26
    - path: data/raw
      hash: md5
      md5: 664eaeb862daecfe80ef62125cf8c28e.dir
      size: 23248068
      nfiles: 272
    outs:
    - path: data/prepared
      hash: md5
      md5: d751713988987e9331980363e24189ce.dir
      size: 0
      nfiles: 0
  prepare-lower-body-bad:
    cmd: uv run --package prepare -- python -m prepare.__main__ run-workflow data/raw/lower_body/bad
      data/prepared/lower_body/bad
    deps:
    - path: apps/prepare/src/prepare
      hash: md5
      md5: 87c0fd2715ff1d3fb5afa45c46f607d1.dir
      size: 50993
      nfiles: 26
    outs:
    - path: data/prepared/lower_body/bad
      hash: md5
      md5: d751713988987e9331980363e24189ce.dir
      size: 0
      nfiles: 0
  prepare-bad:
    cmd: uv run --package prepare -- python -m prepare.__main__ run-workflow data/raw/bad
      data/prepared
    deps:
    - path: apps/prepare/src/prepare
      hash: md5
      md5: be733d2c024aa02458f141c178fc033a.dir
      size: 51013
      nfiles: 26
    - path: data/raw/bad
      hash: md5
      md5: 1b8baad81a9a098b5a6ce95e904ed0a5.dir
      size: 64516447
      nfiles: 264
    outs:
    - path: data/prepared/lower_body/bad
      hash: md5
      md5: 07ba0562d235da1875196fb88a5e7c1f.dir
      size: 10549312
      nfiles: 136
    - path: data/prepared/upper_body/bad
      hash: md5
      md5: 2e81e9385252d4ac783ffeaeaa419ef7.dir
      size: 12628803
      nfiles: 136
  prepare-good:
    cmd: uv run --package prepare -- python -m prepare.__main__ run-workflow data/raw/good
      data/prepared
    deps:
    - path: apps/prepare/src/prepare
      hash: md5
      md5: be733d2c024aa02458f141c178fc033a.dir
      size: 51013
      nfiles: 26
    - path: data/raw/good
      hash: md5
      md5: 0d69d6b4a103cd688df2b9fe540399f5.dir
      size: 79281161
      nfiles: 284
    outs:
    - path: data/prepared/lower_body/good
      hash: md5
      md5: dcd5899c629e77f1f9b043600fa7fdd4.dir
      size: 11871490
      nfiles: 135
    - path: data/prepared/upper_body/good
      hash: md5
      md5: 74a704fc14c2228404561e40fe005a11.dir
      size: 13704621
      nfiles: 135
  featurize-lower-body:
    cmd: uv run --package featurize -- python -m featurize.__main__ data/prepared/lower_body
      data/features/lower_body
    deps:
    - path: apps/featurize/src/featurize
      hash: md5
      md5: 1fa3840fc5dbc055d9d010f1514b8dee.dir
      size: 7180
      nfiles: 4
    - path: data/prepared/lower_body
      hash: md5
      md5: 1f4f2b1e11fa6944eab04ab1c782398a.dir
      size: 22420813
      nfiles: 272
    outs:
    - path: data/features/lower_body
      hash: md5
      md5: 25de5d4694e5408ec876137ac2d60631
      size: 599866
  prepare@0:
    cmd: "uv run --package prepare -- python -m prepare.__main__ run-workflow data/raw/train/good
      data/prepared/train/upper_body/good data/prepared/train/lower_body/good --min-confidence
      0.8 --blur-threshold 100.0\n"
    deps:
    - path: apps/prepare/src/prepare
      hash: md5
      md5: be4223743ed9dcc243d31fb48b5c80df.dir
      size: 41523
      nfiles: 23
    - path: data/raw/train/good
      hash: md5
      md5: 0d69d6b4a103cd688df2b9fe540399f5.dir
      size: 79281161
      nfiles: 284
    outs:
    - path: data/prepared/train/lower_body/good
      hash: md5
      md5: 2461ff7f2935ff65df42908bffd38dbd.dir
      size: 22845985
      nfiles: 252
    - path: data/prepared/train/upper_body/good
      hash: md5
      md5: 85e5236276bd3e51ae8e5f1b8897da74.dir
      size: 26710784
      nfiles: 252
  prepare@1:
    cmd: "uv run --package prepare -- python -m prepare.__main__ run-workflow data/raw/train/bad
      data/prepared/train/upper_body/bad data/prepared/train/lower_body/bad --min-confidence
      0.8 --blur-threshold 100.0\n"
    deps:
    - path: apps/prepare/src/prepare
      hash: md5
      md5: be4223743ed9dcc243d31fb48b5c80df.dir
      size: 41523
      nfiles: 23
    - path: data/raw/train/bad
      hash: md5
      md5: a0b84657f177ee699a5635619b5ca9a4.dir
      size: 108622374
      nfiles: 347
    outs:
    - path: data/prepared/train/lower_body/bad
      hash: md5
      md5: cfba0699232d2c4e884f4e54b07c9860.dir
      size: 27314495
      nfiles: 280
    - path: data/prepared/train/upper_body/bad
      hash: md5
      md5: f4a6b6ed262acb0367fc9bd3f77df854.dir
      size: 28181692
      nfiles: 280
  featurize@0:
    cmd: "uv run --package featurize -- python -m featurize.__main__ data/prepared/train/lower_body
      data/features/train/lower_body.parquet --batch-size 32\n"
    deps:
    - path: apps/featurize/src/featurize
      hash: md5
      md5: bc9c7f63bbdfe232bca3ff7e4f7501b9.dir
      size: 7200
      nfiles: 4
    - path: data/prepared/train/lower_body
      hash: md5
      md5: 2482834a6fac137a798c28f5113b5dda.dir
      size: 50160480
      nfiles: 532
    outs:
    - path: data/features/train/lower_body.parquet
      hash: md5
      md5: 77e085b059c7796029ccc67dda3c241b
      size: 1176371
  prepare@bad:
    cmd: uv run --package prepare -- python -m prepare.__main__ run-workflow data/raw/bad
      data/prepared/upper_body/bad data/prepared/lower_body/bad --min-confidence 0.8
      --blur-threshold 100.0
    deps:
    - path: apps/prepare/src/prepare
      hash: md5
      md5: 4250b0a71b9daea9bab4211da1f946c9.dir
      size: 50038
      nfiles: 26
    - path: data/raw/bad
      hash: md5
      md5: 1b8baad81a9a098b5a6ce95e904ed0a5.dir
      size: 64516447
      nfiles: 264
    params:
      params.yaml:
        prepare.blur_threshold: 100.0
        prepare.input_dir: data/raw
        prepare.min_confidence: 0.8
        prepare.output_dir.lower_body: data/prepared/lower_body
        prepare.output_dir.upper_body: data/prepared/upper_body
    outs:
    - path: data/prepared/lower_body/bad
      hash: md5
      md5: 3e6a5572ecb8fc233d4f5a2e37bdf656.dir
      size: 17614560
      nfiles: 214
    - path: data/prepared/upper_body/bad
      hash: md5
      md5: 4c450511d6d3609fa3c0b9e6e8b36705.dir
      size: 20711845
      nfiles: 214
  prepare@good:
    cmd: uv run --package prepare -- python -m prepare.__main__ run-workflow data/raw/good
      data/prepared/upper_body/good data/prepared/lower_body/good --min-confidence
      0.8 --blur-threshold 100.0
    deps:
    - path: apps/prepare/src/prepare
      hash: md5
      md5: 4250b0a71b9daea9bab4211da1f946c9.dir
      size: 50038
      nfiles: 26
    - path: data/raw/good
      hash: md5
      md5: 0d69d6b4a103cd688df2b9fe540399f5.dir
      size: 79281161
      nfiles: 284
    params:
      params.yaml:
        prepare.blur_threshold: 100.0
        prepare.input_dir: data/raw
        prepare.min_confidence: 0.8
        prepare.output_dir.lower_body: data/prepared/lower_body
        prepare.output_dir.upper_body: data/prepared/upper_body
    outs:
    - path: data/prepared/lower_body/good
      hash: md5
      md5: 2461ff7f2935ff65df42908bffd38dbd.dir
      size: 22845985
      nfiles: 252
    - path: data/prepared/upper_body/good
      hash: md5
      md5: 85e5236276bd3e51ae8e5f1b8897da74.dir
      size: 26710784
      nfiles: 252
  featurize@1:
    cmd: "uv run --package featurize -- python -m featurize.__main__ data/prepared/evaluate/lower_body
      data/features/evaluate/lower_body.parquet --batch-size 32\n"
    deps:
    - path: apps/featurize/src/featurize
      hash: md5
      md5: bc9c7f63bbdfe232bca3ff7e4f7501b9.dir
      size: 7200
      nfiles: 4
    - path: data/prepared/evaluate/lower_body
      hash: md5
      md5: 0ca8daa983a5a93a8956b9ec946ae9c5.dir
      size: 3592606
      nfiles: 25
    outs:
    - path: data/features/evaluate/lower_body.parquet
      hash: md5
      md5: 0a546c50c70666f58638dc3336b6193f
      size: 55276
  train@0:
    cmd: "uv run --package train -- python -m train.train data/features/train/lower_body.parquet
      --epochs 10 --batch-size 32 --lr 0.001 --dropout 0.5 --output-model models/model_lower_body.pkl
      --metric metrics_train_lower_body.json\n"
    deps:
    - path: apps/train/src/train
      hash: md5
      md5: ad52985d95ab8f86c55dd5774b3b969c.dir
      size: 10881
      nfiles: 5
    - path: data/features/train/lower_body.parquet
      hash: md5
      md5: 77e085b059c7796029ccc67dda3c241b
      size: 1176371
    outs:
    - path: metrics_train_lower_body.json
      hash: md5
      md5: bd1f9ce6e4c677b29e8819639d78efb6
      size: 106
    - path: models/model_lower_body.pkl
      hash: md5
      md5: 411d0140731b0646c68d971b240d9e00
      size: 4077
  prepare@2:
    cmd: "uv run --package prepare -- python -m prepare.__main__ run-workflow data/raw/evaluate/good
      data/prepared/evaluate/upper_body/good data/prepared/evaluate/lower_body/good
      --min-confidence 0.8 --blur-threshold 100.0\n"
    deps:
    - path: apps/prepare/src/prepare
      hash: md5
      md5: be4223743ed9dcc243d31fb48b5c80df.dir
      size: 41523
      nfiles: 23
    - path: data/raw/evaluate/good
      hash: md5
      md5: b86fc3e334537e4aa548b45a17e8fac5.dir
      size: 6423165
      nfiles: 15
    outs:
    - path: data/prepared/evaluate/lower_body/good
      hash: md5
      md5: a0fe8e0a5f2574df42ec7a94ddb76c21.dir
      size: 2259077
      nfiles: 15
    - path: data/prepared/evaluate/upper_body/good
      hash: md5
      md5: 2158d5fe65820c3664550f6c3c02cae9.dir
      size: 1968772
      nfiles: 15
  prepare@3:
    cmd: "uv run --package prepare -- python -m prepare.__main__ run-workflow data/raw/evaluate/bad
      data/prepared/evaluate/upper_body/bad data/prepared/evaluate/lower_body/bad
      --min-confidence 0.8 --blur-threshold 100.0\n"
    deps:
    - path: apps/prepare/src/prepare
      hash: md5
      md5: be4223743ed9dcc243d31fb48b5c80df.dir
      size: 41523
      nfiles: 23
    - path: data/raw/evaluate/bad
      hash: md5
      md5: eaa75fb188020e78a693db20a08d437a.dir
      size: 6343132
      nfiles: 14
    outs:
    - path: data/prepared/evaluate/lower_body/bad
      hash: md5
      md5: 608c1ae687c39302c2b59527663b21b4.dir
      size: 1333529
      nfiles: 10
    - path: data/prepared/evaluate/upper_body/bad
      hash: md5
      md5: c95a186511dd9b03bd03cce58fd99814.dir
      size: 1094753
      nfiles: 10
  evaluate@0:
    cmd: "uv run --package evaluate -- python -m evaluate.__main__ data/features/evaluate/lower_body.parquet
      --model models/model_lower_body.pkl --metric metrics_eval_lower_body.json\n"
    deps:
    - path: apps/evaluate/src/evaluate
      hash: md5
      md5: d4f39c3b10f452df7797931d6e92d12a.dir
      size: 9451
      nfiles: 5
    - path: data/features/evaluate/lower_body.parquet
      hash: md5
      md5: 0a546c50c70666f58638dc3336b6193f
      size: 55276
    - path: models/model_lower_body.pkl
      hash: md5
      md5: 411d0140731b0646c68d971b240d9e00
      size: 4077
    outs:
    - path: metrics_eval_lower_body.json
      hash: md5
      md5: 9a81cde40b1874139457689199b960c8
      size: 98
  export@0:
    cmd: "uv run --package export -- python -m export.__main__ models/model_lower_body.pkl
      exported_models/lower_body.onnx --format onnx --input-dim 512 --dropout 0.5\n"
    deps:
    - path: apps/export/src/export
      hash: md5
      md5: 4f1a450c3a251efaf41ca5936067ade8.dir
      size: 5513
      nfiles: 5
    - path: models/model_lower_body.pkl
      hash: md5
      md5: 411d0140731b0646c68d971b240d9e00
      size: 4077
    params:
      params.yaml:
        export.format: onnx
        export.input_dim: 512
        train.dropout: 0.5
    outs:
    - path: exported_models/lower_body.onnx
      hash: md5
      md5: 39585563e939ee13d44388fb705d2bbf
      size: 2357
